<?xml version="1.0" encoding="utf-8"?>
<Project ToolsVersion="4.0" xmlns="http://schemas.microsoft.com/developer/msbuild/2003">
  <ItemGroup>
    <Filter Include="Source Files">
      <UniqueIdentifier>{4FC737F1-C7A5-4376-A066-2A32D752A2FF}</UniqueIdentifier>
      <Extensions>cpp;c;cc;cxx;def;odl;idl;hpj;bat;asm;asmx</Extensions>
    </Filter>
    <Filter Include="Header Files">
      <UniqueIdentifier>{93995380-89BD-4b04-88EB-625FBE52EBFB}</UniqueIdentifier>
      <Extensions>h;hh;hpp;hxx;hm;inl;inc;ipp;xsd</Extensions>
    </Filter>
    <Filter Include="Resource Files">
      <UniqueIdentifier>{67DA6AB6-F800-4c08-8B7A-83BB121AAD01}</UniqueIdentifier>
      <Extensions>rc;ico;cur;bmp;dlg;rc2;rct;bin;rgs;gif;jpg;jpeg;jpe;resx;tiff;tif;png;wav;mfcribbon-ms</Extensions>
    </Filter>
  </ItemGroup>
  <ItemGroup>
    <ClCompile Include="src\Camera.cpp">
      <Filter>Source Files</Filter>
    </ClCompile>
    <ClCompile Include="src\ConnectionPoints.cpp">
      <Filter>Source Files</Filter>
    </ClCompile>
    <ClCompile Include="src\DefaultShader.cpp">
      <Filter>Source Files</Filter>
    </ClCompile>
    <ClCompile Include="src\glad.c">
      <Filter>Source Files</Filter>
    </ClCompile>
    <ClCompile Include="src\Graph.cpp">
      <Filter>Source Files</Filter>
    </ClCompile>
    <ClCompile Include="src\main.cpp">
      <Filter>Source Files</Filter>
    </ClCompile>
    <ClCompile Include="src\Model.cpp">
      <Filter>Source Files</Filter>
    </ClCompile>
    <ClCompile Include="src\NavigationMesh.cpp">
      <Filter>Source Files</Filter>
    </ClCompile>
    <ClCompile Include="src\Octree.cpp">
      <Filter>Source Files</Filter>
    </ClCompile>
    <ClCompile Include="src\SupportPaths.cpp">
      <Filter>Source Files</Filter>
    </ClCompile>
  </ItemGroup>
  <ItemGroup>
    <ClInclude Include="headers\Camera.h">
      <Filter>Header Files</Filter>
    </ClInclude>
    <ClInclude Include="headers\ConnectionPoints.h">
      <Filter>Header Files</Filter>
    </ClInclude>
    <ClInclude Include="headers\DefaultShader.h">
      <Filter>Header Files</Filter>
    </ClInclude>
    <ClInclude Include="headers\Graph.h">
      <Filter>Header Files</Filter>
    </ClInclude>
    <ClInclude Include="headers\Model.h">
      <Filter>Header Files</Filter>
    </ClInclude>
    <ClInclude Include="headers\NavigationMesh.h">
      <Filter>Header Files</Filter>
    </ClInclude>
    <ClInclude Include="headers\nuklear.h">
      <Filter>Header Files</Filter>
    </ClInclude>
    <ClInclude Include="headers\Octree.h">
      <Filter>Header Files</Filter>
    </ClInclude>
    <ClInclude Include="headers\SupportPaths.h">
      <Filter>Header Files</Filter>
    </ClInclude>
  </ItemGroup>
  <ItemGroup>
    <None Include="ClassDiagram.cd" />
    <None Include="resources\3DBenchy.stl">
      <Filter>Resource Files</Filter>
    </None>
    <None Include="resources\Gyro_the_Dodo_by_Virtox_-_CC-BY-ND-NC_-_Ultimaker_Special.stl">
      <Filter>Resource Files</Filter>
    </None>
    <None Include="resources\gyro-the-dodo-ultimaker-special-attribution.pdf">
      <Filter>Resource Files</Filter>
    </None>
    <None Include="resources\voronoi-vase-v1.stl">
      <Filter>Resource Files</Filter>
    </None>
    <None Include="resources\default.fs">
      <Filter>Resource Files</Filter>
    </None>
    <None Include="resources\default.vs">
      <Filter>Resource Files</Filter>
    </None>
  </ItemGroup>
  <ItemGroup>
    <Text Include="CMakeLists.txt">
      <Filter>Source Files</Filter>
    </Text>
  </ItemGroup>
  <ItemGroup>
    <Image Include="resources\loadedModel.bmp">
      <Filter>Resource Files</Filter>
    </Image>
    <Image Include="resources\navmesh.bmp">
      <Filter>Resource Files</Filter>
    </Image>
    <Image Include="resources\paths.bmp">
      <Filter>Resource Files</Filter>
    </Image>
    <Image Include="resources\supportPoints.bmp">
      <Filter>Resource Files</Filter>
    </Image>
  </ItemGroup>
</Project>